
Microsoft Visual Studio Solution File, Format Version 12.00
# Visual Studio Version 17
VisualStudioVersion = 17.1.32210.238
MinimumVisualStudioVersion = 10.0.40219.1
Project("{FAE04EC0-301F-11D3-BF4B-00C04F79EFBC}") = "AppAtividadeDecremento", "AppAtividadeDecremento\AppAtividadeDecremento.csproj", "{6A97FD0F-2E76-4E9C-97F7-56450A33A76C}"
EndProject
Global
	GlobalSection(SolutionConfigurationPlatforms) = preSolution
		Debug|Any CPU = Debug|Any CPU
		Release|Any CPU = Release|Any CPU
	EndGlobalSection
	GlobalSection(ProjectConfigurationPlatforms) = postSolution
		{6A97FD0F-2E76-4E9C-97F7-56450A33A76C}.Debug|Any CPU.ActiveCfg = Debug|Any CPU
		{6A97FD0F-2E76-4E9C-97F7-56450A33A76C}.Debug|Any CPU.Build.0 = Debug|Any CPU
		{6A97FD0F-2E76-4E9C-97F7-56450A33A76C}.Release|Any CPU.ActiveCfg = Release|Any CPU
		{6A97FD0F-2E76-4E9C-97F7-56450A33A76C}.Release|Any CPU.Build.0 = Release|Any CPU
	EndGlobalSection
	GlobalSection(SolutionProperties) = preSolution
		HideSolutionNode = FALSE
	EndGlobalSection
	GlobalSection(ExtensibilityGlobals) = postSolution
		SolutionGuid = {324EF797-B7DC-40B4-B5A8-0A10634F080B}
	EndGlobalSection
EndGlobal
