
Microsoft Visual Studio Solution File, Format Version 12.00
# Visual Studio Version 17
VisualStudioVersion = 17.0.32014.148
MinimumVisualStudioVersion = 10.0.40219.1
Project("{FAE04EC0-301F-11D3-BF4B-00C04F79EFBC}") = "Calculadora02", "Calculadora02\Calculadora02.csproj", "{7EFD8AA4-667C-430C-B6DF-E9A8E99826D5}"
EndProject
Global
	GlobalSection(SolutionConfigurationPlatforms) = preSolution
		Debug|Any CPU = Debug|Any CPU
		Release|Any CPU = Release|Any CPU
	EndGlobalSection
	GlobalSection(ProjectConfigurationPlatforms) = postSolution
		{7EFD8AA4-667C-430C-B6DF-E9A8E99826D5}.Debug|Any CPU.ActiveCfg = Debug|Any CPU
		{7EFD8AA4-667C-430C-B6DF-E9A8E99826D5}.Debug|Any CPU.Build.0 = Debug|Any CPU
		{7EFD8AA4-667C-430C-B6DF-E9A8E99826D5}.Release|Any CPU.ActiveCfg = Release|Any CPU
		{7EFD8AA4-667C-430C-B6DF-E9A8E99826D5}.Release|Any CPU.Build.0 = Release|Any CPU
	EndGlobalSection
	GlobalSection(SolutionProperties) = preSolution
		HideSolutionNode = FALSE
	EndGlobalSection
	GlobalSection(ExtensibilityGlobals) = postSolution
		SolutionGuid = {1CA8A352-6DF0-403C-BE18-FABA50E6C515}
	EndGlobalSection
EndGlobal
